
Microsoft Visual Studio Solution File, Format Version 12.00
# Visual Studio Version 16
VisualStudioVersion = 16.0.29709.97
MinimumVisualStudioVersion = 10.0.40219.1
Project("{FAE04EC0-301F-11D3-BF4B-00C04F79EFBC}") = "RegulasAttacks", "RegulasAttacks\RegulasAttacks.csproj", "{D75CDBBA-4585-411D-B489-8BB7F40084EE}"
EndProject
Global
	GlobalSection(SolutionConfigurationPlatforms) = preSolution
		Debug|Any CPU = Debug|Any CPU
		Release|Any CPU = Release|Any CPU
	EndGlobalSection
	GlobalSection(ProjectConfigurationPlatforms) = postSolution
		{D75CDBBA-4585-411D-B489-8BB7F40084EE}.Debug|Any CPU.ActiveCfg = Debug|Any CPU
		{D75CDBBA-4585-411D-B489-8BB7F40084EE}.Debug|Any CPU.Build.0 = Debug|Any CPU
		{D75CDBBA-4585-411D-B489-8BB7F40084EE}.Release|Any CPU.ActiveCfg = Release|Any CPU
		{D75CDBBA-4585-411D-B489-8BB7F40084EE}.Release|Any CPU.Build.0 = Release|Any CPU
	EndGlobalSection
	GlobalSection(SolutionProperties) = preSolution
		HideSolutionNode = FALSE
	EndGlobalSection
	GlobalSection(ExtensibilityGlobals) = postSolution
		SolutionGuid = {50DE26A6-C446-434A-BA3E-6850515BC159}
	EndGlobalSection
EndGlobal
